schema: '2.0'
stages:
  training:
    cmd: python src/DimondPricePrediction/pipelines/training_pipeline.py
    deps:
    - path: src/DimondPricePrediction/components/data_ingestion.py
      hash: md5
      md5: 44e35a95dc73ce71b93e3f4c2c376fae
      size: 2076
    - path: src/DimondPricePrediction/components/data_transformation.py
      hash: md5
      md5: 50ef07ae00464903cb35c8f80d749c05
      size: 4563
    - path: src/DimondPricePrediction/components/model_evaluation.py
      hash: md5
      md5: cd7471e5609be947efae70bf80aa26ff
      size: 2184
    - path: src/DimondPricePrediction/components/model_trainer.py
      hash: md5
      md5: 222d22ada7d2987c77491a9775c6ac03
      size: 2512
    - path: src/DimondPricePrediction/pipelines/training_pipeline.py
      hash: md5
      md5: 6080a0ad8370febfcc8ef8eb9bb20853
      size: 941
    outs:
    - path: artifacts/model.pkl
      hash: md5
      md5: 9f5e7ae1873925147215a1c87f8479c9
      size: 490
    - path: artifacts/preprocessor.pkl
      hash: md5
      md5: 7ad6e0bbf466827e1f6f139b714ea5b4
      size: 3025
    - path: artifacts/raw.csv
      hash: md5
      md5: 4d3b99278017349368e70a85aa43bd7d
      size: 10656378
    - path: artifacts/test.csv
      hash: md5
      md5: 5dc8ce50ea7a62830b1bdbd463cdf78e
      size: 2664024
    - path: artifacts/train.csv
      hash: md5
      md5: 9e212a373a36e79f31083ec36f638b21
      size: 7992406
